
Microsoft Visual Studio Solution File, Format Version 12.00
# Visual Studio Version 17
VisualStudioVersion = 17.8.34511.84
MinimumVisualStudioVersion = 10.0.40219.1
Project("{FAE04EC0-301F-11D3-BF4B-00C04F79EFBC}") = "WebLongChau", "WebLongChau.csproj", "{DEC9897E-36C4-4186-A4DD-66CD4EC8AC8F}"
EndProject
Global
	GlobalSection(SolutionConfigurationPlatforms) = preSolution
		Debug|Any CPU = Debug|Any CPU
		Release|Any CPU = Release|Any CPU
	EndGlobalSection
	GlobalSection(ProjectConfigurationPlatforms) = postSolution
		{DEC9897E-36C4-4186-A4DD-66CD4EC8AC8F}.Debug|Any CPU.ActiveCfg = Debug|Any CPU
		{DEC9897E-36C4-4186-A4DD-66CD4EC8AC8F}.Debug|Any CPU.Build.0 = Debug|Any CPU
		{DEC9897E-36C4-4186-A4DD-66CD4EC8AC8F}.Release|Any CPU.ActiveCfg = Release|Any CPU
		{DEC9897E-36C4-4186-A4DD-66CD4EC8AC8F}.Release|Any CPU.Build.0 = Release|Any CPU
	EndGlobalSection
	GlobalSection(SolutionProperties) = preSolution
		HideSolutionNode = FALSE
	EndGlobalSection
	GlobalSection(ExtensibilityGlobals) = postSolution
		SolutionGuid = {52CFB128-C34F-471B-B930-E20404A6E31E}
	EndGlobalSection
EndGlobal
